hash: 358a2f29bec2406c7e4f9d502c6a24442f4938e4d095c0aa755cd905858142e0
updated: 2017-04-29T23:19:34.053303818-04:00
imports:
- name: github.com/pkg/errors
  version: 645ef00459ed84a119197bfb8d8205042c6df63d
- name: gopkg.in/urfave/cli.v1
  version: 0bdeddeeb0f650497d603c4ad7b20cfe685682f6
- name: gopkg.in/yaml.v2
  version: cd8b52f8269e0feb286dfeef29f8fe4d5b397e0b
testImports: []
